uuid: 1d197673-10d9-4b1e-86a6-9cadff343e0f
langcode: en
status: true
dependencies:
  module:
    - chat_gov
    - system
    - wxt_ext_blocks
  theme:
    - cinder
third_party_settings:
  wxt_ext_blocks:
    display_title_invisible: 0
id: azureopenaichatblock
theme: cinder
region: content
weight: 0
provider: null
plugin: azure_openai_chat_block
settings:
  id: azure_openai_chat_block
  label: 'Azure OpenAI Chat'
  label_display: '0'
  provider: chat_gov
visibility:
  request_path:
    id: request_path
    negate: false
    pages: /chat-gov
